{
  "projects": [
    {
      "projectId": "rJH4LLU3qq3oc7XqEYq3fp",
      "version": "latest",
      "dependencies": {},
      "lang": "js",
      "fileLocks": [
        {
          "type": "globalVariant",
          "assetId": "svrx6M-tMHkeg",
          "checksum": "dea57eca63a79b2a43da1967f219d503"
        },
        {
          "assetId": "rJH4LLU3qq3oc7XqEYq3fp",
          "type": "projectCss",
          "checksum": "386830da7350e7632dd97ee052214f85"
        },
        {
          "type": "renderModule",
          "assetId": "pPSleSYqv8",
          "checksum": "8f1484e839533dfc90b1c7af52c7a069"
        },
        {
          "type": "cssRules",
          "assetId": "pPSleSYqv8",
          "checksum": "8f1484e839533dfc90b1c7af52c7a069"
        },
        {
          "type": "icon",
          "assetId": "f9HoU3HBNk",
          "checksum": "709caa32a524cef94d0cfb18427a48f7"
        },
        {
          "type": "icon",
          "assetId": "M1lzyXr6xrb",
          "checksum": "ed0551ca690ec03a4c62a367c552debe"
        },
        {
          "type": "icon",
          "assetId": "xdeKjbTk7ES",
          "checksum": "51aa8d2d538758d2713e0efea7958631"
        },
        {
          "type": "icon",
          "assetId": "NYVyTceaQM7",
          "checksum": "d4714acbfc65e73dc42cf96edabd1c8c"
        },
        {
          "type": "icon",
          "assetId": "zGq6zVQ1GpO",
          "checksum": "11000079b1ba52bd17866932d1e58bef"
        },
        {
          "type": "icon",
          "assetId": "bWEYJo23STA",
          "checksum": "b2f542c6aee729b7f8681d0385f07760"
        },
        {
          "type": "icon",
          "assetId": "SqOKGQ-BdZ-",
          "checksum": "0d3e3207e0e9f2d99037b8f727ec2382"
        },
        {
          "type": "icon",
          "assetId": "J0AvOMwbE_q",
          "checksum": "68b667e664cb52bfc15cb3f398675875"
        },
        {
          "type": "icon",
          "assetId": "4tO9QUXKzOG",
          "checksum": "9f90fefa23438adc066ff7ce8a047bb0"
        },
        {
          "type": "icon",
          "assetId": "hSVd4zA_-Wm",
          "checksum": "6fe42b87c1b9176fe7380dc0ab6fde35"
        },
        {
          "type": "icon",
          "assetId": "1_WElmjSBRw",
          "checksum": "88ef6009cf2fa2dccf90941480521abf"
        },
        {
          "type": "icon",
          "assetId": "JBzOTsC98QB",
          "checksum": "bd92a552464f4c60e7b841d15dce9d78"
        },
        {
          "type": "icon",
          "assetId": "JCcFuE8rxCm",
          "checksum": "68e3c13444c624d655763c508946c29e"
        },
        {
          "type": "icon",
          "assetId": "fLTfVcQi11g",
          "checksum": "46e5fbf82e76f42d8a2dabe488906f12"
        },
        {
          "type": "icon",
          "assetId": "3QqwZ6HnStV",
          "checksum": "1179041685237efbbe85352326f400ad"
        },
        {
          "type": "icon",
          "assetId": "2UCvyJKMHFA",
          "checksum": "bfbbfcedf39f3a356845216dd3597f94"
        },
        {
          "type": "icon",
          "assetId": "Zmp6Tfuctks",
          "checksum": "80b3eeadb45eb18ab3ad6d305bdaf470"
        },
        {
          "type": "icon",
          "assetId": "_h3Qchs4_IQ",
          "checksum": "9412bb16957bb9d9e7330a36af30f324"
        },
        {
          "type": "icon",
          "assetId": "1GKVQc6FvXr",
          "checksum": "ad90a65ec6110220a1e23876d3ce5d32"
        },
        {
          "type": "icon",
          "assetId": "Wps_rLG-OR1",
          "checksum": "ec9912d38c44bf56bcdddb9b38d5b662"
        },
        {
          "type": "icon",
          "assetId": "0-3_CatOeVI",
          "checksum": "4dbe770a102645b5f78d24ef43f60aed"
        },
        {
          "type": "icon",
          "assetId": "mltNIwYFuBU",
          "checksum": "be3ae2d9afb563141428185eed0078cb"
        },
        {
          "type": "icon",
          "assetId": "GFiNyX320xT",
          "checksum": "87e671d9a211d0f23539cd8a633c8dd7"
        },
        {
          "type": "icon",
          "assetId": "wK57kP7YhB1",
          "checksum": "b717357b0c2b1f8d3e07e2e0c93c460c"
        },
        {
          "type": "icon",
          "assetId": "H9A47xb-AUa",
          "checksum": "81ed4814dac5744a9fafab6fb90bb692"
        },
        {
          "type": "icon",
          "assetId": "W58shSw8xLD",
          "checksum": "fee7363084dccf000cac9f4226912702"
        },
        {
          "type": "icon",
          "assetId": "AY19so57S9L",
          "checksum": "cabf69064ec3b283a6af5180a96ba8bb"
        },
        {
          "type": "icon",
          "assetId": "WNK8bg9nx-L",
          "checksum": "b8a1131b84f46b6975d5af355738b54c"
        },
        {
          "type": "icon",
          "assetId": "hviome_lD48",
          "checksum": "345a8d8e7ca98b92f4289d6d5e982fae"
        },
        {
          "type": "icon",
          "assetId": "z3Y-Tc-bOp4",
          "checksum": "d725a884260f5e52ba0c343617ce3232"
        },
        {
          "type": "icon",
          "assetId": "ot4aO21SNs-",
          "checksum": "34e7e59d79629e8019b5da46f5195308"
        },
        {
          "type": "icon",
          "assetId": "QgKYtXlGgwo",
          "checksum": "8246c7a52e2231837cb636ce8a9268e8"
        },
        {
          "type": "icon",
          "assetId": "84j6kkwK5kT",
          "checksum": "8828de493b95e1cae81ba2c59a7bb2a2"
        },
        {
          "type": "icon",
          "assetId": "xPwDtZGYRp1",
          "checksum": "5cbbdc25833cdeac8d00a9c3879d1061"
        },
        {
          "type": "icon",
          "assetId": "xA-oTRpHtPq",
          "checksum": "f5d41dbe282e442959e86b6900b30ec5"
        },
        {
          "type": "icon",
          "assetId": "cmfZWTB3QhM",
          "checksum": "4eab97d438c4947fb89315c583a07d02"
        },
        {
          "type": "icon",
          "assetId": "9yW6SLtSxME",
          "checksum": "3a2226e72ce8631d21acf45e7083bcdb"
        },
        {
          "type": "icon",
          "assetId": "dTKVrrc9Lt8",
          "checksum": "3547f90f3c8acd65fdfccb59e8339711"
        },
        {
          "type": "icon",
          "assetId": "8lSOBDAlIjC",
          "checksum": "85b62de836efc56ead89871df36bf1b7"
        },
        {
          "type": "icon",
          "assetId": "0MwKehtEhn5",
          "checksum": "a07d805b1d103e43a3b6e8890bde7a21"
        },
        {
          "type": "icon",
          "assetId": "2YFBeMflnKr",
          "checksum": "1df10a30a654939583e2304576b8acdb"
        },
        {
          "type": "icon",
          "assetId": "et3TFPXDd4D",
          "checksum": "589c8244b73872c26035daaee983459e"
        },
        {
          "type": "icon",
          "assetId": "s8KBsLTY00V",
          "checksum": "a67743aed51ed002d835f0b1552b40a3"
        },
        {
          "type": "icon",
          "assetId": "o9SaPd7l6j8",
          "checksum": "0db4a05dd25bfe8295642b295e41b2ab"
        },
        {
          "type": "icon",
          "assetId": "-OiDP_pi-Gw",
          "checksum": "9058c39401c17f36b7313a4839a44d23"
        },
        {
          "type": "icon",
          "assetId": "nI7WhHRhKgC",
          "checksum": "dc315c4964fd1b70779ed39d5222aab9"
        },
        {
          "type": "icon",
          "assetId": "ToU06WnZdWg",
          "checksum": "c110222156deab760144f841745d16ec"
        },
        {
          "type": "icon",
          "assetId": "_Rq0V7DTzpL",
          "checksum": "25f5e9d2237abea9390b9081aa485d50"
        },
        {
          "type": "icon",
          "assetId": "kfK8T8iEbGf",
          "checksum": "6e9bfcb2e615638877b0bed765ba785a"
        },
        {
          "type": "icon",
          "assetId": "Wr2Ix0h6HPJ",
          "checksum": "875435612841973ba071a373d8ae73ab"
        },
        {
          "type": "icon",
          "assetId": "uBdWTxnsrJ1",
          "checksum": "b86c7725953b7b8145dcb6f19c2240de"
        },
        {
          "type": "icon",
          "assetId": "dxLMnvw5Z3n",
          "checksum": "5142754879d57c18cc7214074b583cee"
        },
        {
          "type": "icon",
          "assetId": "_x19zn7b77P",
          "checksum": "37fd81772b10546d5cd98eda8f7039ab"
        },
        {
          "type": "icon",
          "assetId": "EUhHditKEgu",
          "checksum": "3f51cbd16d46b729906a01a4ad3c4b7e"
        },
        {
          "type": "icon",
          "assetId": "197n1MwWern",
          "checksum": "2f5169ec7b22ef808ee583d93b225594"
        },
        {
          "type": "icon",
          "assetId": "EDX2iZlxKGE",
          "checksum": "c966389334e825808584bf223570a48f"
        },
        {
          "type": "icon",
          "assetId": "jgavlebGQMT",
          "checksum": "9835c86a294b8932915f505f25a62c7e"
        },
        {
          "type": "icon",
          "assetId": "J40cLq75925",
          "checksum": "6fc94022c8fb28ee2338ab6fe24fc312"
        },
        {
          "type": "icon",
          "assetId": "q6XT8NHAw9m",
          "checksum": "57fc68b3c5fe49fded797417334d97b1"
        },
        {
          "type": "icon",
          "assetId": "H_9qufZtPTP",
          "checksum": "552475f194e7f412e5c76e392cc81677"
        },
        {
          "type": "icon",
          "assetId": "enN11sb7SL0",
          "checksum": "ef9e5894507206708f893afb1dada149"
        },
        {
          "type": "icon",
          "assetId": "YoWgHlcc4lW",
          "checksum": "b9eb7190ca831372e43df250eb372928"
        },
        {
          "type": "icon",
          "assetId": "s-O8X2bqHYh",
          "checksum": "d7fd77c60f49667af219faf8fea0aeba"
        },
        {
          "type": "icon",
          "assetId": "2qh9zw7AK0T",
          "checksum": "787f0343b58639d693d4c95861a15731"
        },
        {
          "type": "icon",
          "assetId": "EyV9npbUTGi",
          "checksum": "d3719d5f3332fb121d4d8235821bc7ba"
        },
        {
          "type": "icon",
          "assetId": "FjDW12CXkp8",
          "checksum": "d844eef672d34bf4cfd285125288be79"
        },
        {
          "type": "icon",
          "assetId": "9PXxp4tXvQ1",
          "checksum": "1ca1c1aa9cb921812375d37d2a9a4e20"
        },
        {
          "type": "icon",
          "assetId": "Q_OcFtNYRM7",
          "checksum": "98d0cbb3d7111c931f901cd091a8d979"
        },
        {
          "type": "icon",
          "assetId": "_jJndphFsDT",
          "checksum": "1052c36d9e7c4d058bc908df5c75db01"
        },
        {
          "type": "icon",
          "assetId": "JyVWwuCLJwc",
          "checksum": "be47314e41319f4a31e16d0a798fa620"
        },
        {
          "type": "icon",
          "assetId": "9Fze8pJ0g9i",
          "checksum": "2218ded5a558a76a7e904c573d728cb6"
        },
        {
          "type": "icon",
          "assetId": "24k405uBti3",
          "checksum": "2b0ea8392502a3dd6f723575eb2e96d7"
        },
        {
          "type": "icon",
          "assetId": "qJfQ-iW1hVW",
          "checksum": "f950ea74b23837ec00c19516757db014"
        },
        {
          "type": "icon",
          "assetId": "5lS6uhOVxxa",
          "checksum": "1dad2d924f181b4bd2d5f270fee3cf1f"
        },
        {
          "type": "icon",
          "assetId": "ayVMf23r4-m",
          "checksum": "981ee1f244d2da23ce3b4c0a59771b68"
        },
        {
          "type": "icon",
          "assetId": "L3LjtipNSIw",
          "checksum": "6f330872429d210a211d9de48e904ed5"
        },
        {
          "type": "icon",
          "assetId": "5C3r19xxGJ5",
          "checksum": "4593a21ec759f9825029401bba998ba4"
        },
        {
          "type": "icon",
          "assetId": "i9cz029vhYg",
          "checksum": "08117ea874c738b08386d5b9928729dd"
        },
        {
          "type": "icon",
          "assetId": "ly5mwaBH5Gx",
          "checksum": "1810c4be58265894fb4d050ecdacf2ec"
        },
        {
          "type": "icon",
          "assetId": "jNurM-lVLXr",
          "checksum": "9b35cd2a33469494d55fa9882f18988d"
        },
        {
          "type": "icon",
          "assetId": "MP5NiloJK",
          "checksum": "eda9dd325ceb4debe0bde129dc7ab450"
        },
        {
          "type": "icon",
          "assetId": "A4waFMH0KD",
          "checksum": "4b5ca739d3799c4747ee5afdb6bf4d87"
        },
        {
          "type": "icon",
          "assetId": "yxGmQ55R-_",
          "checksum": "5a77ee2c604c9a9ea942214df6a6f1ac"
        },
        {
          "type": "icon",
          "assetId": "I7v15whD12",
          "checksum": "83b43d44fa3add710dbdf4ecb09a0ade"
        },
        {
          "type": "icon",
          "assetId": "6Uyqby-DJq",
          "checksum": "37ec3df6044e32cd39e8e5d9f5a82b7e"
        },
        {
          "type": "icon",
          "assetId": "XqPa6eWsnt",
          "checksum": "2bc86e0f5a853c91d899e3a2dcf3e9f3"
        },
        {
          "type": "icon",
          "assetId": "J-XV9gfdAB",
          "checksum": "6bbcfcf73b011ce56fad3f43f27c9bb6"
        },
        {
          "type": "icon",
          "assetId": "LLYX40ryNO",
          "checksum": "79587a2c4d87b35468b5f70123715c25"
        },
        {
          "type": "icon",
          "assetId": "-MrlWU9mr5",
          "checksum": "78438757e9569ace82b5307e59268413"
        },
        {
          "type": "icon",
          "assetId": "3-6nWcO0Y0",
          "checksum": "4644ee37338c6f4333d4fe9b1044427c"
        },
        {
          "type": "icon",
          "assetId": "SpTfCVIYqu",
          "checksum": "12318a7c517ff2269950b6153f3b139d"
        },
        {
          "type": "icon",
          "assetId": "sVlamUTCTv",
          "checksum": "92d2c45125a93c06fdecbb6902ae1c6f"
        },
        {
          "type": "icon",
          "assetId": "vbdDSy7GKd",
          "checksum": "a7fd37d0f5f64ca7a58f846db5d34e63"
        },
        {
          "type": "icon",
          "assetId": "X8w_QGH0IY",
          "checksum": "7216d5b15b98504488f396d220d718ff"
        },
        {
          "type": "icon",
          "assetId": "P9nhGGRB1V",
          "checksum": "57a1c032a6434fc725adbb17de9e6cde"
        },
        {
          "type": "icon",
          "assetId": "nYoev_YLus",
          "checksum": "f069d84a36fb173d32dc0a9055e5a0b5"
        },
        {
          "type": "icon",
          "assetId": "36Rb9jmDJ13",
          "checksum": "b43dad02cdfd688428bb24df77461340"
        },
        {
          "type": "icon",
          "assetId": "tW3n6FCVIla",
          "checksum": "ca800735546c4649bcbc1e2eb18c4861"
        },
        {
          "type": "icon",
          "assetId": "mhEJZFLQ0Ib",
          "checksum": "414dfc7f92ef555670982501383fe62a"
        },
        {
          "type": "icon",
          "assetId": "8UCfw2OwUkT",
          "checksum": "16ac924638febd46f3da43494d57f2bb"
        },
        {
          "type": "icon",
          "assetId": "QHh_wqu-R4R",
          "checksum": "289df00b83b108f858004eab2c7bb030"
        },
        {
          "type": "icon",
          "assetId": "cJXjF3jL51q",
          "checksum": "d3871728797e2e8781307d6e05819436"
        },
        {
          "type": "icon",
          "assetId": "mFdtpJ63fI9",
          "checksum": "b5d961623d12bd06ec4cf55097fac5e9"
        },
        {
          "type": "icon",
          "assetId": "2rcdgZ_-kR7",
          "checksum": "b0bfe0898ad524e0a6dc8aa9e2b641e8"
        },
        {
          "type": "icon",
          "assetId": "iOxQ6H0EXCm",
          "checksum": "21ec51d2e857bd54e354b72b1fe76a98"
        },
        {
          "type": "icon",
          "assetId": "i7nY8X-3sih",
          "checksum": "2e73770d89345b2a8b363dfc1c837f17"
        },
        {
          "type": "icon",
          "assetId": "MhMkodyRc_Q",
          "checksum": "d9b892a61f3936fad38a0e53e90e5278"
        },
        {
          "type": "icon",
          "assetId": "7-vh9zU25Ec",
          "checksum": "6c1ae73921d439cdff8c3e8de2678a6d"
        },
        {
          "type": "icon",
          "assetId": "WzNkyWzAYcv",
          "checksum": "d9f3aa25ed89f7b56503245b592b7ab3"
        },
        {
          "type": "icon",
          "assetId": "uACA-jMmCPI",
          "checksum": "1723ae5a8ab142d2a154943cc38df9f6"
        },
        {
          "type": "icon",
          "assetId": "gdmLwTgGVEU",
          "checksum": "1265604e5a34d150f3477c2d15aec287"
        },
        {
          "type": "icon",
          "assetId": "T1lhI-WZSMT",
          "checksum": "c6acfdd2752f8fff607f335a69592cd2"
        },
        {
          "type": "icon",
          "assetId": "dtib0_mGms0",
          "checksum": "9d70b45b34d0bec10b28f348f8799dcc"
        },
        {
          "type": "icon",
          "assetId": "SWvCFjdeNGg",
          "checksum": "3b69f261095a43b47f019c9148e0c9a9"
        },
        {
          "type": "icon",
          "assetId": "OBegK-jnMeC",
          "checksum": "af30f43cdc93b7889ab1bd3c122eec27"
        },
        {
          "type": "icon",
          "assetId": "9tsyj4LQQLj",
          "checksum": "cf43918ae5ff302885c9d151615c56cf"
        },
        {
          "type": "icon",
          "assetId": "C4xjJFwS859",
          "checksum": "d5fedb94d2fcba90e538221d44e19dcc"
        },
        {
          "type": "icon",
          "assetId": "ReIDcXN3og6",
          "checksum": "e70c57e9c09c962804e26dc08cb562d2"
        },
        {
          "type": "icon",
          "assetId": "7UDrwB6tSPG",
          "checksum": "629fb222595f982043b5690e65b97dc1"
        },
        {
          "type": "icon",
          "assetId": "R651BKRPcyb",
          "checksum": "05ca728ea1d9e55f1583fa471830f879"
        },
        {
          "type": "icon",
          "assetId": "cJmNgYph-eg",
          "checksum": "7dc4a7b10eb01845f84c7be9f2672c4a"
        },
        {
          "type": "icon",
          "assetId": "YEP2wHFXuJS",
          "checksum": "956ee484e2cb44223d5c7c52268cb49d"
        },
        {
          "type": "icon",
          "assetId": "f-k-Rol9TO5",
          "checksum": "8ae4b433da07fa4da2c84c9fcb20d70e"
        },
        {
          "type": "icon",
          "assetId": "m_nrbWIHwx6",
          "checksum": "48b38bd61bb1d948eb66fdd5e1281630"
        },
        {
          "type": "icon",
          "assetId": "RaoBw0hkNbA",
          "checksum": "c101eb92f21050bc452d11e949ff7b42"
        },
        {
          "type": "icon",
          "assetId": "luClCaaN31E",
          "checksum": "65c9fe0b9fe4a2ad2c50732c213e5167"
        },
        {
          "type": "icon",
          "assetId": "P-U0rLknYWO",
          "checksum": "de3738e3c2c3f1cf0c8a56fea0fd14ff"
        },
        {
          "type": "icon",
          "assetId": "7f1mNHSVY44",
          "checksum": "d500bd08a456d92a6aa3de2e07ea59e8"
        },
        {
          "type": "icon",
          "assetId": "yRRB3QiKLcw",
          "checksum": "7ea9e8ef5b7410ec5383c05e96af1656"
        },
        {
          "type": "icon",
          "assetId": "cDkDjBbNsaG",
          "checksum": "dd8c555fc2efa7897421d9bf74167f56"
        },
        {
          "type": "icon",
          "assetId": "oqSdfXrcZA4",
          "checksum": "30ca7d2aa98138324ffbf9d9af9a9bb9"
        },
        {
          "type": "icon",
          "assetId": "hnexGAuhy7i",
          "checksum": "52080ab25c6f7940356d21f9a7dc1719"
        },
        {
          "type": "icon",
          "assetId": "iT--DMRe9KF",
          "checksum": "49f9cf15f41392bfbaa679c0deed08a5"
        },
        {
          "type": "icon",
          "assetId": "-GmdUbuXiNm",
          "checksum": "2b0583355ed70d8e5e067cc3ccb8310c"
        },
        {
          "type": "icon",
          "assetId": "2ubCjh7yzo5",
          "checksum": "f2b7df149f0f3889f44e66bf33762c17"
        },
        {
          "type": "icon",
          "assetId": "G2bQKfy1eoI",
          "checksum": "838c02a9bc00078a7ba92d638d396243"
        },
        {
          "type": "icon",
          "assetId": "OdhsWthHftk",
          "checksum": "82ab88d444c0728d2e2949c7455c3005"
        },
        {
          "type": "icon",
          "assetId": "xxHptafKs28",
          "checksum": "51d1d5d6e689c9c84ec7d46173be8877"
        },
        {
          "type": "icon",
          "assetId": "qOzule1U8fq",
          "checksum": "1bc7b0220410b96adb820816fd4bf160"
        },
        {
          "type": "icon",
          "assetId": "sQAwXrWzSD4",
          "checksum": "c44486763519f4478cab3bc990942b2b"
        },
        {
          "type": "icon",
          "assetId": "S61_yqyReoD",
          "checksum": "bcbbea14c66b380f0315fecddaf0957e"
        },
        {
          "type": "icon",
          "assetId": "Lcyiy_QuKEl",
          "checksum": "18d5ceff6cc1ac56a04c8a8bcdb23556"
        },
        {
          "type": "icon",
          "assetId": "9oDcS1TYlO8",
          "checksum": "a84325faa61b03fef3c825d547335be8"
        },
        {
          "type": "icon",
          "assetId": "T8mMTc60ubw",
          "checksum": "a3c524cec008102503a4880695459259"
        },
        {
          "type": "icon",
          "assetId": "a7bMAs3l1q0",
          "checksum": "591f4e766617c1b32e813493ddbe4698"
        },
        {
          "type": "icon",
          "assetId": "4MIN3txaxwb",
          "checksum": "cc9a3f1c83dfc7009c70015756e61623"
        },
        {
          "type": "icon",
          "assetId": "Q5ZNOTmua4s",
          "checksum": "adefc88b8dfcb2714314d8498d7e6585"
        },
        {
          "type": "icon",
          "assetId": "AaM1-9XXw",
          "checksum": "7af78b5659aadf77f5ddb43e2f070b45"
        },
        {
          "type": "icon",
          "assetId": "ff8Dyo0wM_",
          "checksum": "9e9c4c38d873fa065f51eefea6bcbcdd"
        },
        {
          "type": "icon",
          "assetId": "yCQYZhbUkY",
          "checksum": "cdde8a45108870e461931b33d0559e32"
        },
        {
          "type": "icon",
          "assetId": "ydSwtQTaaI",
          "checksum": "2a4bce3447963d31d9e48e5f9a01c45b"
        },
        {
          "type": "icon",
          "assetId": "rWPfgi7DwC",
          "checksum": "e0cfe60288aad31a04dbc0b33f10aa82"
        },
        {
          "type": "icon",
          "assetId": "HaCFV-Df-Y",
          "checksum": "8b1037efe864c9582c29ff30730f9cdd"
        },
        {
          "type": "icon",
          "assetId": "iE1E7sSOwo",
          "checksum": "5b98bb292ee1e8033cdbd98ed317cfcb"
        },
        {
          "type": "icon",
          "assetId": "7gYAYgMg_e",
          "checksum": "208d3e9019e882d43c42ca19ddc4a89b"
        },
        {
          "type": "icon",
          "assetId": "acs0r_LxGN",
          "checksum": "83045b2e9865214214a14ffc6b35e2fa"
        },
        {
          "type": "icon",
          "assetId": "AJ9KGj5niL",
          "checksum": "4fc881b1f8c10bd8047e38eb260ccb68"
        },
        {
          "type": "icon",
          "assetId": "5JJ20DFAQC",
          "checksum": "4cdf839260dff6525676a7c730a99610"
        },
        {
          "type": "icon",
          "assetId": "Fkifw_B_IO",
          "checksum": "5240d952000793181a56b82cb5b97852"
        },
        {
          "type": "icon",
          "assetId": "neWegUCAbu",
          "checksum": "c928446f982eef25a6e57390193740c6"
        },
        {
          "type": "icon",
          "assetId": "kTZeSv5Evr",
          "checksum": "025d818a08d0293fd2e1b6de8b3a486f"
        },
        {
          "type": "icon",
          "assetId": "CK0KDGJajU",
          "checksum": "7637269ea236103a4955b8e12d2ff622"
        },
        {
          "type": "icon",
          "assetId": "XCRNB-rjRm",
          "checksum": "bd6e81c0b42c4898faf0d15057489916"
        },
        {
          "type": "icon",
          "assetId": "OFM-w2G15Le",
          "checksum": "15427abb0d9e7f0a319c79d1b902eb2f"
        },
        {
          "type": "icon",
          "assetId": "sCjnZXBT6ap",
          "checksum": "6e14cc0e30647d198c083ab4d79c39f1"
        },
        {
          "type": "icon",
          "assetId": "wZxF3hnEdCN",
          "checksum": "64aa6077fa9c37e7506c38d2ad325cc9"
        },
        {
          "type": "icon",
          "assetId": "SmGrzOC6Aqq",
          "checksum": "079649ad23358e8816a29e8db7a61074"
        },
        {
          "type": "icon",
          "assetId": "z60N5BoIGcV",
          "checksum": "1545aee9d76b63c730175cabf4a62f99"
        },
        {
          "type": "icon",
          "assetId": "cbQMTic5f3j",
          "checksum": "c3322d5b8162495f0790cf268e07f4b3"
        },
        {
          "type": "icon",
          "assetId": "Ld5YGV8jj9x",
          "checksum": "15279d2c28a892a0cc3271ad30eb5191"
        },
        {
          "type": "icon",
          "assetId": "uSR5s2ndhSY",
          "checksum": "bc52e56c25be6911e5c8a5d72bdf0608"
        },
        {
          "type": "icon",
          "assetId": "9enmZNnq8s6",
          "checksum": "08d5402c3269b36416dc36a081296a0f"
        },
        {
          "type": "icon",
          "assetId": "R5RPfYHrlKq",
          "checksum": "493b061d3ac5b85e69b9ef513bab007a"
        },
        {
          "type": "icon",
          "assetId": "kLBt18NgVJJ",
          "checksum": "503c8ed846b274340236482ab916d328"
        },
        {
          "type": "icon",
          "assetId": "ByHNey3-FsE",
          "checksum": "3540906a47c38ece9d3682e6cabd6aa7"
        },
        {
          "type": "icon",
          "assetId": "6aNoS7XoU",
          "checksum": "eb8ff3181a56402692c06203d5a9943b"
        },
        {
          "type": "icon",
          "assetId": "DzRRi-P5WF",
          "checksum": "f35db1cfa42e2522faef19585f315a8c"
        },
        {
          "type": "icon",
          "assetId": "GMxXJszCVF",
          "checksum": "a7b26210be29cd35e6aa27c727468961"
        },
        {
          "type": "icon",
          "assetId": "7BzGZxINU3",
          "checksum": "2f74a684ef078ac0b4ced3d6d4ab9c15"
        },
        {
          "type": "icon",
          "assetId": "7q-Xz4lQFi",
          "checksum": "103e04079359bcc56cc24bd879765197"
        },
        {
          "type": "icon",
          "assetId": "TuBlZZiJKv",
          "checksum": "0a63fd907961af790646c0985b9adeae"
        },
        {
          "type": "icon",
          "assetId": "3bqMniapGd",
          "checksum": "46a748209e1f5606c665d8af7f090f14"
        },
        {
          "type": "icon",
          "assetId": "oWxNgmXYGL",
          "checksum": "147da1f1454a441cbfb365bdfc827e1c"
        },
        {
          "type": "icon",
          "assetId": "fWSw9l0NPh",
          "checksum": "02f40823565c9a591cc223ddc61d9b8e"
        },
        {
          "type": "icon",
          "assetId": "OoDpm6SSvi",
          "checksum": "6d13003c49b3e381c7e6b0dbcbcdc813"
        },
        {
          "type": "icon",
          "assetId": "8EhZ0FnMex",
          "checksum": "63729d2112f8006790ff73f7051e856e"
        },
        {
          "type": "icon",
          "assetId": "fFy-Uiup9a_",
          "checksum": "0f42d745b90c1d5e601f069e2ada9a8d"
        },
        {
          "type": "icon",
          "assetId": "gYlQY-j7flS",
          "checksum": "6e47dcb844a3a0b3957818b527425232"
        },
        {
          "type": "icon",
          "assetId": "8ZtKFdArb_",
          "checksum": "c77838376bc7b4739e7b5238b8c072e6"
        },
        {
          "type": "icon",
          "assetId": "XW97NRFLGS",
          "checksum": "a3a59c00351fa9cafcdd696bb585d5fd"
        },
        {
          "type": "icon",
          "assetId": "8nlvCTIl7N",
          "checksum": "37a5dcb59ebd45e407264660e959a40f"
        },
        {
          "type": "icon",
          "assetId": "lLFmCiG_B",
          "checksum": "967dccfea2cad1cb0d8ec2c4cebfccf9"
        },
        {
          "type": "icon",
          "assetId": "7SuTreoxvM",
          "checksum": "16059c3f442cda6653550ea3d2a6dd13"
        },
        {
          "type": "icon",
          "assetId": "WpduId6jwd",
          "checksum": "e555614c8aac4dd04c0e6e18dd073a84"
        },
        {
          "type": "icon",
          "assetId": "1ep4JSAuu0",
          "checksum": "53ee3e5de0b886182e088fc1e4a94560"
        },
        {
          "type": "icon",
          "assetId": "aanDQ1P0Yt",
          "checksum": "49b47e668cf80f379afb35c860c17e9b"
        },
        {
          "type": "icon",
          "assetId": "x88aHcqIu-",
          "checksum": "4e0a82af7b0d4a6103cb297daad1150c"
        },
        {
          "type": "icon",
          "assetId": "VCXZ2k9xL-",
          "checksum": "f1ddb1c2dd966a2327bd3c3af69a5a04"
        },
        {
          "type": "icon",
          "assetId": "uOm4aK8jmx",
          "checksum": "dc28a4c45037959b74c6624d15775b85"
        },
        {
          "type": "icon",
          "assetId": "vfBKfpRer5",
          "checksum": "0adf6c4743c20b4b5ce912fabfdcc23f"
        },
        {
          "type": "icon",
          "assetId": "yqc3lDmBKP",
          "checksum": "a3f9a72c4f2a16fd97d4b4ded2241cef"
        },
        {
          "type": "icon",
          "assetId": "6eRWcULWGf",
          "checksum": "f21a719839b5d2dda505bea8696ea902"
        },
        {
          "type": "icon",
          "assetId": "kzO9cLArZ-",
          "checksum": "043dd810a2bafd2bd7c214f5be88e925"
        },
        {
          "type": "icon",
          "assetId": "nePWvEA9Ze",
          "checksum": "aebe271b3dee6859924289187a5af4b9"
        },
        {
          "type": "icon",
          "assetId": "ttPQjkpAYk",
          "checksum": "5e1d35e45cae6e0e2c55fe415a008afe"
        },
        {
          "type": "icon",
          "assetId": "aYPPE1qK0p",
          "checksum": "92e192e5383e7a9f36f885b59dcd144c"
        },
        {
          "type": "icon",
          "assetId": "bvBlPRSJoZ",
          "checksum": "6dbba27e85607730c41ba6ddf211467e"
        },
        {
          "type": "icon",
          "assetId": "oZrK-Y6VSq",
          "checksum": "38b8d9e7fa4c022dfc3df14104f4bdfc"
        },
        {
          "type": "icon",
          "assetId": "eUxjRBfZe",
          "checksum": "0163527502206eeef8b2822b0609f790"
        },
        {
          "type": "icon",
          "assetId": "84aku56uHY",
          "checksum": "a1e9d213741ea73778fb917cd012f0f2"
        },
        {
          "type": "icon",
          "assetId": "TGgsYQ5xPK",
          "checksum": "a318eed05e0a66ebc62897ccbeee1b8a"
        },
        {
          "type": "icon",
          "assetId": "PcIwwsYNll",
          "checksum": "241960948a2ecfdbee76a04746ae89ef"
        },
        {
          "type": "icon",
          "assetId": "WWIOUA8j0a",
          "checksum": "ec93a3b5c15df6ac199c9696892f7119"
        },
        {
          "type": "icon",
          "assetId": "-6e8E4OPgA",
          "checksum": "9e569f6a8045d6f6d738a9497a1432a0"
        },
        {
          "type": "icon",
          "assetId": "PguLp5IrTx",
          "checksum": "3c1bcec52de8f5b787f9271ab3d3e947"
        },
        {
          "type": "icon",
          "assetId": "djyWpTk6LD",
          "checksum": "df736e2a7a4ef03da9b6dfe4ebbe42a3"
        },
        {
          "type": "icon",
          "assetId": "Q3SQKE-Dtg",
          "checksum": "1aeced40af025453c439c34ccc7c51b1"
        },
        {
          "type": "icon",
          "assetId": "7I3CVwGT76",
          "checksum": "c174533513665b7138b14b8682590147"
        },
        {
          "type": "icon",
          "assetId": "8guR1I35c1",
          "checksum": "a6df21deed003008b6dcfba2132f11af"
        },
        {
          "type": "icon",
          "assetId": "rV1VHyci-B",
          "checksum": "562eb1f4d9fb91ebe4538aefd867e8bc"
        },
        {
          "type": "icon",
          "assetId": "IixUdsFhId",
          "checksum": "e45b1b2688f39e2900533c5560e99a33"
        },
        {
          "type": "icon",
          "assetId": "kuw9SQ4P0",
          "checksum": "c12ca4e26c89a2e87515e27e2154f253"
        },
        {
          "type": "icon",
          "assetId": "8XXC61mivA",
          "checksum": "31327de240d2446052d5b686bdd04033"
        },
        {
          "type": "icon",
          "assetId": "PJ9bqU2iJ0",
          "checksum": "f821875b4e028911644a3b2dc5001880"
        },
        {
          "type": "image",
          "assetId": "cjGqMSf7E",
          "checksum": "074efeb4797162b4526d78ea1af9db63"
        },
        {
          "type": "image",
          "assetId": "z1TxEmivi",
          "checksum": "8a1f74fb85f2fa47b59d9601738eb797"
        },
        {
          "type": "image",
          "assetId": "uBptaGrjUw",
          "checksum": "0b483963e28ff2541c1d05f5e1d10202"
        },
        {
          "type": "image",
          "assetId": "OcF9-1w5oW",
          "checksum": "fdc226ab5f0bd320ef153f2932d798a5"
        },
        {
          "type": "image",
          "assetId": "IalmczGpJ_",
          "checksum": "b3d58a3a0aafac0ca9163b9fe7c362a4"
        },
        {
          "type": "image",
          "assetId": "ntkNAXl4GA",
          "checksum": "a6f7e70ab504a07121a922f6843f8afb"
        },
        {
          "type": "image",
          "assetId": "hwXlwZ-pIb",
          "checksum": "c467878056fae461ad2c7ef41a214b17"
        },
        {
          "type": "image",
          "assetId": "0wQ5A8o9AI",
          "checksum": "5ed8bd12662d7ad6dc517f1cf6b3f3e0"
        },
        {
          "type": "image",
          "assetId": "nU3fXoYc8",
          "checksum": "bbe6f0e6d58802da7f28d59e7d7decf1"
        },
        {
          "type": "image",
          "assetId": "0PwAKXSq3q",
          "checksum": "8b3ac357b98cac9925e10d9dca621ed3"
        },
        {
          "type": "image",
          "assetId": "UmcY_M60Kk",
          "checksum": "91480229ff0045b2dd465ba80cff4e33"
        },
        {
          "type": "image",
          "assetId": "ntgKsG0AqM",
          "checksum": "519ec9114ed376b3ebad06ab7bda0add"
        },
        {
          "type": "image",
          "assetId": "ZoScCIs7kk",
          "checksum": "1bdea0f999197db668c9d460b817ff30"
        },
        {
          "type": "image",
          "assetId": "vI3Dl-Z3G4",
          "checksum": "efee2e2441bb8aaf6114a7ddb43214a7"
        },
        {
          "type": "image",
          "assetId": "OL65BDfDKv",
          "checksum": "2766d07726afc36d07518892c5598ece"
        },
        {
          "type": "image",
          "assetId": "cTnzdHHK6Q",
          "checksum": "a035a4e84c7071329f482c45fc5061d4"
        },
        {
          "type": "image",
          "assetId": "p1huwfwY4F",
          "checksum": "e0683114662a8339d38f50da96d8637f"
        },
        {
          "type": "image",
          "assetId": "hUYFSaIHam",
          "checksum": "7aa4705fc37ed7f6e8b44797fa01cc63"
        },
        {
          "type": "image",
          "assetId": "efZot6SZuv",
          "checksum": "f2b7daca8b42211dd7ad77b54c7e44e5"
        },
        {
          "type": "image",
          "assetId": "Le8ddW0qI",
          "checksum": "cd53ffa4d6d39b21e3628844b85285ff"
        },
        {
          "type": "image",
          "assetId": "72bD9-6tM-",
          "checksum": "8a8c0bae4b29e3a565f864be31240dd0"
        },
        {
          "type": "image",
          "assetId": "WqSOmraU9O",
          "checksum": "610a16b8fd7eef9aff440e732a7214a7"
        },
        {
          "type": "image",
          "assetId": "7qLiQ3RLs6",
          "checksum": "2e710fd208f3d141ece332fb2a0a3bcd"
        },
        {
          "type": "image",
          "assetId": "LPR6-PSgA3",
          "checksum": "0ec6493a0243047fd0dd227b6bd19c9f"
        },
        {
          "type": "image",
          "assetId": "-vJ_SepUpo",
          "checksum": "a4b3295475c23b07dc9c81a3748afd5f"
        },
        {
          "type": "image",
          "assetId": "PomQAX-ODu",
          "checksum": "65268c2962c8e71e94272889b4cb36c7"
        },
        {
          "type": "image",
          "assetId": "u31IPY7vKB",
          "checksum": "7cfbcd610aae9c4a199b936f8059b926"
        },
        {
          "type": "image",
          "assetId": "cemEDuwtPW",
          "checksum": "4d8d0fc97addc692e3efcd60f19a9e5b"
        },
        {
          "type": "image",
          "assetId": "boeC-l5hFD",
          "checksum": "4e175ffd429c289532e9ad76caacffa5"
        },
        {
          "type": "image",
          "assetId": "VQBzB_j0k_",
          "checksum": "d82c896196f873243ed420794b5908e7"
        },
        {
          "type": "image",
          "assetId": "UpkiyHVIad",
          "checksum": "5c475befd4f6ba784870fc30ac2d2881"
        },
        {
          "type": "image",
          "assetId": "AIHudZ1hEb",
          "checksum": "8263b91c8f2de49becd6074b278783bd"
        },
        {
          "type": "image",
          "assetId": "q2ARTiHjf-",
          "checksum": "ac5a0b607b27ca0f5b8cc11f224fb132"
        },
        {
          "type": "image",
          "assetId": "pVewa6fZSi",
          "checksum": "cbfc75228ba789da11c6acb4bd6bdf7d"
        },
        {
          "type": "image",
          "assetId": "QGKGMVbUo",
          "checksum": "fe8d5d4d65783779bbdc599d39bdcf94"
        },
        {
          "type": "image",
          "assetId": "CpzR3sOfv",
          "checksum": "7ebfa01eccc7a2b773e79b4c7e48ae79"
        },
        {
          "type": "image",
          "assetId": "EPk_wUDsw",
          "checksum": "650ada5e546b418c4142f8eff0969700"
        },
        {
          "type": "image",
          "assetId": "6MTxk4Nub",
          "checksum": "860985bd6b668a868eff54b5df512f48"
        }
      ],
      "codegenVersion": "0.0.1"
    }
  ],
  "cliVersion": "0.1.186"
}
